
Microsoft Visual Studio Solution File, Format Version 12.00
# Visual Studio Version 17
VisualStudioVersion = 17.7.34221.43
MinimumVisualStudioVersion = 10.0.40219.1
Project("{FAE04EC0-301F-11D3-BF4B-00C04F79EFBC}") = "Rekursion", "Rekursion\Rekursion.csproj", "{F313AE89-4ADD-40DE-81F3-12F5ABE9EED7}"
EndProject
Global
	GlobalSection(SolutionConfigurationPlatforms) = preSolution
		Debug|Any CPU = Debug|Any CPU
		Release|Any CPU = Release|Any CPU
	EndGlobalSection
	GlobalSection(ProjectConfigurationPlatforms) = postSolution
		{F313AE89-4ADD-40DE-81F3-12F5ABE9EED7}.Debug|Any CPU.ActiveCfg = Debug|Any CPU
		{F313AE89-4ADD-40DE-81F3-12F5ABE9EED7}.Debug|Any CPU.Build.0 = Debug|Any CPU
		{F313AE89-4ADD-40DE-81F3-12F5ABE9EED7}.Release|Any CPU.ActiveCfg = Release|Any CPU
		{F313AE89-4ADD-40DE-81F3-12F5ABE9EED7}.Release|Any CPU.Build.0 = Release|Any CPU
	EndGlobalSection
	GlobalSection(SolutionProperties) = preSolution
		HideSolutionNode = FALSE
	EndGlobalSection
	GlobalSection(ExtensibilityGlobals) = postSolution
		SolutionGuid = {F95A9E17-7E30-403A-8828-568090EAF11D}
	EndGlobalSection
EndGlobal
